
Microsoft Visual Studio Solution File, Format Version 12.00
# Visual Studio Version 17
VisualStudioVersion = 17.14.36518.9 d17.14
MinimumVisualStudioVersion = 10.0.40219.1
Project("{FAE04EC0-301F-11D3-BF4B-00C04F79EFBC}") = "StudentsCRM", "StudentsCRM\StudentsCRM.csproj", "{0F57D8AD-DC5A-48DC-975F-B57F5C150EE9}"
EndProject
Global
	GlobalSection(SolutionConfigurationPlatforms) = preSolution
		Debug|Any CPU = Debug|Any CPU
		Release|Any CPU = Release|Any CPU
	EndGlobalSection
	GlobalSection(ProjectConfigurationPlatforms) = postSolution
		{0F57D8AD-DC5A-48DC-975F-B57F5C150EE9}.Debug|Any CPU.ActiveCfg = Debug|Any CPU
		{0F57D8AD-DC5A-48DC-975F-B57F5C150EE9}.Debug|Any CPU.Build.0 = Debug|Any CPU
		{0F57D8AD-DC5A-48DC-975F-B57F5C150EE9}.Release|Any CPU.ActiveCfg = Release|Any CPU
		{0F57D8AD-DC5A-48DC-975F-B57F5C150EE9}.Release|Any CPU.Build.0 = Release|Any CPU
	EndGlobalSection
	GlobalSection(SolutionProperties) = preSolution
		HideSolutionNode = FALSE
	EndGlobalSection
	GlobalSection(ExtensibilityGlobals) = postSolution
		SolutionGuid = {4A34E40A-C98D-48E0-963C-88D61BA4B4D0}
	EndGlobalSection
EndGlobal
